{
  "requires": true,
  "lockfileVersion": 1,
  "dependencies": {
    "echarts-for-react": {
      "version": "2.0.15-beta.1",
      "resolved": "https://registry.npmjs.org/echarts-for-react/-/echarts-for-react-2.0.15-beta.1.tgz",
      "integrity": "sha512-wR8XaI3j/4JvTidZrrJVfP/RqSggLRlzKOwcruytyLSA6AyE51T7mK+EucfwZ0NkX8H6tPFCHCvgJH1LyXjiIg==",
      "requires": {
        "fast-deep-equal": "^2.0.1",
        "size-sensor": "^0.2.0"
      }
    },
    "fast-deep-equal": {
      "version": "2.0.1",
      "resolved": "https://registry.npmjs.org/fast-deep-equal/-/fast-deep-equal-2.0.1.tgz",
      "integrity": "sha1-ewUhjd+WZ79/Nwv3/bLLFf3Qqkk="
    },
    "react-script-tag": {
      "version": "1.1.2",
      "resolved": "https://registry.npmjs.org/react-script-tag/-/react-script-tag-1.1.2.tgz",
      "integrity": "sha512-4oR9ntvGfX4igiP77vK310ru5Oa77xO7CeYB3Xi9lu0qsikpGpK1Kq1WMFocvy8U4fQFq8ovtrZS/8adfCziFw=="
    },
    "size-sensor": {
      "version": "0.2.6",
      "resolved": "https://registry.npmjs.org/size-sensor/-/size-sensor-0.2.6.tgz",
      "integrity": "sha512-0EZ0tXXjyRl9R9+JpoBdH57Xpnbf5NTyDdj7fnFL6KqCsdKyah286ShMflnV2SonnrSFH4OAT/52Jy8qqnoerg=="
    }
  }
}
